
Microsoft Visual Studio Solution File, Format Version 12.00
# Visual Studio Version 17
VisualStudioVersion = 17.10.35004.147
MinimumVisualStudioVersion = 10.0.40219.1
Project("{9A19103F-16F7-4668-BE54-9A1E7A4F7556}") = "EditorCustomRooms", "EditorCustomRooms.csproj", "{F205035C-5E40-48D7-B162-717ED644E557}"
EndProject
Global
	GlobalSection(SolutionConfigurationPlatforms) = preSolution
		Debug|Any CPU = Debug|Any CPU
		Release|Any CPU = Release|Any CPU
	EndGlobalSection
	GlobalSection(ProjectConfigurationPlatforms) = postSolution
		{F205035C-5E40-48D7-B162-717ED644E557}.Debug|Any CPU.ActiveCfg = Debug|Any CPU
		{F205035C-5E40-48D7-B162-717ED644E557}.Debug|Any CPU.Build.0 = Debug|Any CPU
		{F205035C-5E40-48D7-B162-717ED644E557}.Release|Any CPU.ActiveCfg = Release|Any CPU
		{F205035C-5E40-48D7-B162-717ED644E557}.Release|Any CPU.Build.0 = Release|Any CPU
	EndGlobalSection
	GlobalSection(SolutionProperties) = preSolution
		HideSolutionNode = FALSE
	EndGlobalSection
	GlobalSection(ExtensibilityGlobals) = postSolution
		SolutionGuid = {C5A9FE45-2466-4E20-B055-D93E876929A3}
	EndGlobalSection
EndGlobal
